// !$*UTF8*$!
{
	archiveVersion = 1;
	classes = {
	};
	objectVersion = 55;
	objects = {

/* Begin PBXBuildFile section */
		E208F0042799FFF600DE3AF1 /* FishingNodeLocationInfo.swift in Sources */ = {isa = PBXBuildFile; fileRef = E208F0032799FFF600DE3AF1 /* FishingNodeLocationInfo.swift */; };
		E20FD2C2276111340044CA36 /* main.swift in Sources */ = {isa = PBXBuildFile; fileRef = E20FD2C1276111340044CA36 /* main.swift */; };
		E20FD2CA2761118D0044CA36 /* SwiftSoup in Frameworks */ = {isa = PBXBuildFile; productRef = E20FD2C92761118D0044CA36 /* SwiftSoup */; };
		E20FD2CC276111C00044CA36 /* Node.swift in Sources */ = {isa = PBXBuildFile; fileRef = E20FD2CB276111C00044CA36 /* Node.swift */; };
		E20FD2CE2761122A0044CA36 /* GatheringNode.swift in Sources */ = {isa = PBXBuildFile; fileRef = E20FD2CD2761122A0044CA36 /* GatheringNode.swift */; };
		E20FD2D02761126B0044CA36 /* FishingNode.swift in Sources */ = {isa = PBXBuildFile; fileRef = E20FD2CF2761126B0044CA36 /* FishingNode.swift */; };
		E20FD2D2276112B80044CA36 /* Region.swift in Sources */ = {isa = PBXBuildFile; fileRef = E20FD2D1276112B80044CA36 /* Region.swift */; };
		E20FD2D4276115220044CA36 /* BotanyNodesScraper.swift in Sources */ = {isa = PBXBuildFile; fileRef = E20FD2D3276115220044CA36 /* BotanyNodesScraper.swift */; };
		E20FD2D6276118C40044CA36 /* BotanyNodesFolkloreScraper.swift in Sources */ = {isa = PBXBuildFile; fileRef = E20FD2D5276118C40044CA36 /* BotanyNodesFolkloreScraper.swift */; };
		E20FD2D8276119220044CA36 /* BotanyNodesUnspoiledScraper.swift in Sources */ = {isa = PBXBuildFile; fileRef = E20FD2D7276119220044CA36 /* BotanyNodesUnspoiledScraper.swift */; };
		E20FD2DA2761197D0044CA36 /* EphemeralNodesScraper.swift in Sources */ = {isa = PBXBuildFile; fileRef = E20FD2D92761197D0044CA36 /* EphemeralNodesScraper.swift */; };
		E22415B027BE182C008093C7 /* AddWeatherChain.swift in Sources */ = {isa = PBXBuildFile; fileRef = E22415AF27BE182C008093C7 /* AddWeatherChain.swift */; };
		E22415B227BE1843008093C7 /* FishingNodeWC.swift in Sources */ = {isa = PBXBuildFile; fileRef = E22415B127BE1843008093C7 /* FishingNodeWC.swift */; };
		E22C07442CD012D900CADBDC /* locations.swift in Sources */ = {isa = PBXBuildFile; fileRef = E22C07432CD012D400CADBDC /* locations.swift */; };
		E291976827BC2D2F0032F7C7 /* UpdateName.swift in Sources */ = {isa = PBXBuildFile; fileRef = E291976727BC2D2F0032F7C7 /* UpdateName.swift */; };
		E291976A27BC2DD00032F7C7 /* UpdateFishingDescription.swift in Sources */ = {isa = PBXBuildFile; fileRef = E291976927BC2DD00032F7C7 /* UpdateFishingDescription.swift */; };
		E2A1CEA6276F08E80054D60D /* MiningNodeFolkloreScraper.swift in Sources */ = {isa = PBXBuildFile; fileRef = E2A1CEA5276F08E80054D60D /* MiningNodeFolkloreScraper.swift */; };
		E2A1CEA8276F0C2D0054D60D /* FishingNodeFolkloreScraper.swift in Sources */ = {isa = PBXBuildFile; fileRef = E2A1CEA7276F0C2D0054D60D /* FishingNodeFolkloreScraper.swift */; };
		E2A1CEAA276F0DA90054D60D /* MiningNodesUnspoiledScraper.swift in Sources */ = {isa = PBXBuildFile; fileRef = E2A1CEA9276F0DA90054D60D /* MiningNodesUnspoiledScraper.swift */; };
		E2A1CEAC276F0F5A0054D60D /* MiningNodesScraper.swift in Sources */ = {isa = PBXBuildFile; fileRef = E2A1CEAB276F0F5A0054D60D /* MiningNodesScraper.swift */; };
		E2A1CEAE277041180054D60D /* FishingNodesScraper.swift in Sources */ = {isa = PBXBuildFile; fileRef = E2A1CEAD277041180054D60D /* FishingNodesScraper.swift */; };
		E2A1CEB0277175840054D60D /* FishingCollectiblesScraper.swift in Sources */ = {isa = PBXBuildFile; fileRef = E2A1CEAF277175840054D60D /* FishingCollectiblesScraper.swift */; };
		E2A1CEB22772C8DD0054D60D /* BotanyNodeScraper.swift in Sources */ = {isa = PBXBuildFile; fileRef = E2A1CEB12772C8DD0054D60D /* BotanyNodeScraper.swift */; };
		E2A1CEB42778DBFD0054D60D /* NodeLocationInfo.swift in Sources */ = {isa = PBXBuildFile; fileRef = E2A1CEB32778DBFD0054D60D /* NodeLocationInfo.swift */; };
		E2A4204A27B5B56000451200 /* FetchImagesScraper.swift in Sources */ = {isa = PBXBuildFile; fileRef = E2A4204927B5B56000451200 /* FetchImagesScraper.swift */; };
		E2A801D2277C011A002A18AC /* MiningNodeScraper.swift in Sources */ = {isa = PBXBuildFile; fileRef = E2A801D1277C011A002A18AC /* MiningNodeScraper.swift */; };
		E2A801D4277C1948002A18AC /* FishingNodeScraper.swift in Sources */ = {isa = PBXBuildFile; fileRef = E2A801D3277C1948002A18AC /* FishingNodeScraper.swift */; };
		E2BFFA0427B7021A00F29691 /* UpdateExpac.swift in Sources */ = {isa = PBXBuildFile; fileRef = E2BFFA0327B7021A00F29691 /* UpdateExpac.swift */; };
		E2C96E2627BD55C90071A71E /* RemoveDuplicates.swift in Sources */ = {isa = PBXBuildFile; fileRef = E2C96E2527BD55C90071A71E /* RemoveDuplicates.swift */; };
/* End PBXBuildFile section */

/* Begin PBXCopyFilesBuildPhase section */
		E20FD2BC276111340044CA36 /* CopyFiles */ = {
			isa = PBXCopyFilesBuildPhase;
			buildActionMask = 2147483647;
			dstPath = /usr/share/man/man1/;
			dstSubfolderSpec = 0;
			files = (
			);
			runOnlyForDeploymentPostprocessing = 1;
		};
/* End PBXCopyFilesBuildPhase section */

/* Begin PBXFileReference section */
		E208F0032799FFF600DE3AF1 /* FishingNodeLocationInfo.swift */ = {isa = PBXFileReference; lastKnownFileType = sourcecode.swift; path = FishingNodeLocationInfo.swift; sourceTree = "<group>"; };
		E20FD2BE276111340044CA36 /* FF14 Scraper */ = {isa = PBXFileReference; explicitFileType = "compiled.mach-o.executable"; includeInIndex = 0; path = "FF14 Scraper"; sourceTree = BUILT_PRODUCTS_DIR; };
		E20FD2C1276111340044CA36 /* main.swift */ = {isa = PBXFileReference; lastKnownFileType = sourcecode.swift; path = main.swift; sourceTree = "<group>"; };
		E20FD2CB276111C00044CA36 /* Node.swift */ = {isa = PBXFileReference; lastKnownFileType = sourcecode.swift; path = Node.swift; sourceTree = "<group>"; };
		E20FD2CD2761122A0044CA36 /* GatheringNode.swift */ = {isa = PBXFileReference; lastKnownFileType = sourcecode.swift; path = GatheringNode.swift; sourceTree = "<group>"; };
		E20FD2CF2761126B0044CA36 /* FishingNode.swift */ = {isa = PBXFileReference; lastKnownFileType = sourcecode.swift; path = FishingNode.swift; sourceTree = "<group>"; };
		E20FD2D1276112B80044CA36 /* Region.swift */ = {isa = PBXFileReference; lastKnownFileType = sourcecode.swift; path = Region.swift; sourceTree = "<group>"; };
		E20FD2D3276115220044CA36 /* BotanyNodesScraper.swift */ = {isa = PBXFileReference; lastKnownFileType = sourcecode.swift; path = BotanyNodesScraper.swift; sourceTree = "<group>"; };
		E20FD2D5276118C40044CA36 /* BotanyNodesFolkloreScraper.swift */ = {isa = PBXFileReference; lastKnownFileType = sourcecode.swift; path = BotanyNodesFolkloreScraper.swift; sourceTree = "<group>"; };
		E20FD2D7276119220044CA36 /* BotanyNodesUnspoiledScraper.swift */ = {isa = PBXFileReference; lastKnownFileType = sourcecode.swift; path = BotanyNodesUnspoiledScraper.swift; sourceTree = "<group>"; };
		E20FD2D92761197D0044CA36 /* EphemeralNodesScraper.swift */ = {isa = PBXFileReference; lastKnownFileType = sourcecode.swift; path = EphemeralNodesScraper.swift; sourceTree = "<group>"; };
		E22415AF27BE182C008093C7 /* AddWeatherChain.swift */ = {isa = PBXFileReference; lastKnownFileType = sourcecode.swift; path = AddWeatherChain.swift; sourceTree = "<group>"; };
		E22415B127BE1843008093C7 /* FishingNodeWC.swift */ = {isa = PBXFileReference; lastKnownFileType = sourcecode.swift; path = FishingNodeWC.swift; sourceTree = "<group>"; };
		E22C07432CD012D400CADBDC /* locations.swift */ = {isa = PBXFileReference; lastKnownFileType = sourcecode.swift; path = locations.swift; sourceTree = "<group>"; };
		E291976727BC2D2F0032F7C7 /* UpdateName.swift */ = {isa = PBXFileReference; lastKnownFileType = sourcecode.swift; path = UpdateName.swift; sourceTree = "<group>"; };
		E291976927BC2DD00032F7C7 /* UpdateFishingDescription.swift */ = {isa = PBXFileReference; lastKnownFileType = sourcecode.swift; path = UpdateFishingDescription.swift; sourceTree = "<group>"; };
		E2A1CEA5276F08E80054D60D /* MiningNodeFolkloreScraper.swift */ = {isa = PBXFileReference; lastKnownFileType = sourcecode.swift; path = MiningNodeFolkloreScraper.swift; sourceTree = "<group>"; };
		E2A1CEA7276F0C2D0054D60D /* FishingNodeFolkloreScraper.swift */ = {isa = PBXFileReference; lastKnownFileType = sourcecode.swift; path = FishingNodeFolkloreScraper.swift; sourceTree = "<group>"; };
		E2A1CEA9276F0DA90054D60D /* MiningNodesUnspoiledScraper.swift */ = {isa = PBXFileReference; lastKnownFileType = sourcecode.swift; path = MiningNodesUnspoiledScraper.swift; sourceTree = "<group>"; };
		E2A1CEAB276F0F5A0054D60D /* MiningNodesScraper.swift */ = {isa = PBXFileReference; lastKnownFileType = sourcecode.swift; path = MiningNodesScraper.swift; sourceTree = "<group>"; };
		E2A1CEAD277041180054D60D /* FishingNodesScraper.swift */ = {isa = PBXFileReference; lastKnownFileType = sourcecode.swift; path = FishingNodesScraper.swift; sourceTree = "<group>"; };
		E2A1CEAF277175840054D60D /* FishingCollectiblesScraper.swift */ = {isa = PBXFileReference; lastKnownFileType = sourcecode.swift; path = FishingCollectiblesScraper.swift; sourceTree = "<group>"; };
		E2A1CEB12772C8DD0054D60D /* BotanyNodeScraper.swift */ = {isa = PBXFileReference; lastKnownFileType = sourcecode.swift; path = BotanyNodeScraper.swift; sourceTree = "<group>"; };
		E2A1CEB32778DBFD0054D60D /* NodeLocationInfo.swift */ = {isa = PBXFileReference; lastKnownFileType = sourcecode.swift; path = NodeLocationInfo.swift; sourceTree = "<group>"; };
		E2A4204927B5B56000451200 /* FetchImagesScraper.swift */ = {isa = PBXFileReference; lastKnownFileType = sourcecode.swift; path = FetchImagesScraper.swift; sourceTree = "<group>"; };
		E2A801D1277C011A002A18AC /* MiningNodeScraper.swift */ = {isa = PBXFileReference; lastKnownFileType = sourcecode.swift; path = MiningNodeScraper.swift; sourceTree = "<group>"; };
		E2A801D3277C1948002A18AC /* FishingNodeScraper.swift */ = {isa = PBXFileReference; lastKnownFileType = sourcecode.swift; path = FishingNodeScraper.swift; sourceTree = "<group>"; };
		E2BFFA0327B7021A00F29691 /* UpdateExpac.swift */ = {isa = PBXFileReference; lastKnownFileType = sourcecode.swift; path = UpdateExpac.swift; sourceTree = "<group>"; };
		E2C96E2527BD55C90071A71E /* RemoveDuplicates.swift */ = {isa = PBXFileReference; lastKnownFileType = sourcecode.swift; path = RemoveDuplicates.swift; sourceTree = "<group>"; };
/* End PBXFileReference section */

/* Begin PBXFrameworksBuildPhase section */
		E20FD2BB276111340044CA36 /* Frameworks */ = {
			isa = PBXFrameworksBuildPhase;
			buildActionMask = 2147483647;
			files = (
				E20FD2CA2761118D0044CA36 /* SwiftSoup in Frameworks */,
			);
			runOnlyForDeploymentPostprocessing = 0;
		};
/* End PBXFrameworksBuildPhase section */

/* Begin PBXGroup section */
		E20FD2B5276111340044CA36 = {
			isa = PBXGroup;
			children = (
				E20FD2C0276111340044CA36 /* FF14 Scraper */,
				E20FD2BF276111340044CA36 /* Products */,
			);
			sourceTree = "<group>";
		};
		E20FD2BF276111340044CA36 /* Products */ = {
			isa = PBXGroup;
			children = (
				E20FD2BE276111340044CA36 /* FF14 Scraper */,
			);
			name = Products;
			sourceTree = "<group>";
		};
		E20FD2C0276111340044CA36 /* FF14 Scraper */ = {
			isa = PBXGroup;
			children = (
				E20FD2C1276111340044CA36 /* main.swift */,
				E22C07452CD01C8600CADBDC /* Helpers and models */,
				E22C07472CD01CC300CADBDC /* Botany Scrapers */,
				E22C07482CD01CF700CADBDC /* Mining Scrapers */,
				E22C07492CD01D0C00CADBDC /* Fishing Scrapers */,
				E22C074A2CD01E2A00CADBDC /* Cleanup Scrapers */,
			);
			path = "FF14 Scraper";
			sourceTree = "<group>";
		};
		E22C07452CD01C8600CADBDC /* Helpers and models */ = {
			isa = PBXGroup;
			children = (
				E20FD2CB276111C00044CA36 /* Node.swift */,
				E20FD2CD2761122A0044CA36 /* GatheringNode.swift */,
				E22C07432CD012D400CADBDC /* locations.swift */,
				E20FD2CF2761126B0044CA36 /* FishingNode.swift */,
				E22415B127BE1843008093C7 /* FishingNodeWC.swift */,
				E20FD2D1276112B80044CA36 /* Region.swift */,
				E208F0032799FFF600DE3AF1 /* FishingNodeLocationInfo.swift */,
				E2A1CEB32778DBFD0054D60D /* NodeLocationInfo.swift */,
			);
			path = "Helpers and models";
			sourceTree = "<group>";
		};
		E22C07472CD01CC300CADBDC /* Botany Scrapers */ = {
			isa = PBXGroup;
			children = (
				E20FD2D3276115220044CA36 /* BotanyNodesScraper.swift */,
				E2A1CEB12772C8DD0054D60D /* BotanyNodeScraper.swift */,
				E20FD2D5276118C40044CA36 /* BotanyNodesFolkloreScraper.swift */,
				E20FD2D7276119220044CA36 /* BotanyNodesUnspoiledScraper.swift */,
				E20FD2D92761197D0044CA36 /* EphemeralNodesScraper.swift */,
			);
			path = "Botany Scrapers";
			sourceTree = "<group>";
		};
		E22C07482CD01CF700CADBDC /* Mining Scrapers */ = {
			isa = PBXGroup;
			children = (
				E2A1CEAB276F0F5A0054D60D /* MiningNodesScraper.swift */,
				E2A801D1277C011A002A18AC /* MiningNodeScraper.swift */,
				E2A1CEA5276F08E80054D60D /* MiningNodeFolkloreScraper.swift */,
				E2A1CEA9276F0DA90054D60D /* MiningNodesUnspoiledScraper.swift */,
			);
			path = "Mining Scrapers";
			sourceTree = "<group>";
		};
		E22C07492CD01D0C00CADBDC /* Fishing Scrapers */ = {
			isa = PBXGroup;
			children = (
				E2A1CEAD277041180054D60D /* FishingNodesScraper.swift */,
				E2A1CEA7276F0C2D0054D60D /* FishingNodeFolkloreScraper.swift */,
				E2A1CEAF277175840054D60D /* FishingCollectiblesScraper.swift */,
				E2A801D3277C1948002A18AC /* FishingNodeScraper.swift */,
				E22415AF27BE182C008093C7 /* AddWeatherChain.swift */,
			);
			path = "Fishing Scrapers";
			sourceTree = "<group>";
		};
		E22C074A2CD01E2A00CADBDC /* Cleanup Scrapers */ = {
			isa = PBXGroup;
			children = (
				E2A4204927B5B56000451200 /* FetchImagesScraper.swift */,
				E2BFFA0327B7021A00F29691 /* UpdateExpac.swift */,
				E291976727BC2D2F0032F7C7 /* UpdateName.swift */,
				E291976927BC2DD00032F7C7 /* UpdateFishingDescription.swift */,
				E2C96E2527BD55C90071A71E /* RemoveDuplicates.swift */,
			);
			path = "Cleanup Scrapers";
			sourceTree = "<group>";
		};
/* End PBXGroup section */

/* Begin PBXNativeTarget section */
		E20FD2BD276111340044CA36 /* FF14 Scraper */ = {
			isa = PBXNativeTarget;
			buildConfigurationList = E20FD2C5276111340044CA36 /* Build configuration list for PBXNativeTarget "FF14 Scraper" */;
			buildPhases = (
				E20FD2BA276111340044CA36 /* Sources */,
				E20FD2BB276111340044CA36 /* Frameworks */,
				E20FD2BC276111340044CA36 /* CopyFiles */,
			);
			buildRules = (
			);
			dependencies = (
			);
			name = "FF14 Scraper";
			packageProductDependencies = (
				E20FD2C92761118D0044CA36 /* SwiftSoup */,
			);
			productName = "FF14 Scraper";
			productReference = E20FD2BE276111340044CA36 /* FF14 Scraper */;
			productType = "com.apple.product-type.tool";
		};
/* End PBXNativeTarget section */

/* Begin PBXProject section */
		E20FD2B6276111340044CA36 /* Project object */ = {
			isa = PBXProject;
			attributes = {
				BuildIndependentTargetsInParallel = 1;
				LastSwiftUpdateCheck = 1310;
				LastUpgradeCheck = 1310;
				TargetAttributes = {
					E20FD2BD276111340044CA36 = {
						CreatedOnToolsVersion = 13.1;
					};
				};
			};
			buildConfigurationList = E20FD2B9276111340044CA36 /* Build configuration list for PBXProject "FF14 Scraper" */;
			compatibilityVersion = "Xcode 13.0";
			developmentRegion = en;
			hasScannedForEncodings = 0;
			knownRegions = (
				en,
				Base,
			);
			mainGroup = E20FD2B5276111340044CA36;
			packageReferences = (
				E20FD2C82761118D0044CA36 /* XCRemoteSwiftPackageReference "SwiftSoup" */,
			);
			productRefGroup = E20FD2BF276111340044CA36 /* Products */;
			projectDirPath = "";
			projectRoot = "";
			targets = (
				E20FD2BD276111340044CA36 /* FF14 Scraper */,
			);
		};
/* End PBXProject section */

/* Begin PBXSourcesBuildPhase section */
		E20FD2BA276111340044CA36 /* Sources */ = {
			isa = PBXSourcesBuildPhase;
			buildActionMask = 2147483647;
			files = (
				E291976A27BC2DD00032F7C7 /* UpdateFishingDescription.swift in Sources */,
				E2A801D2277C011A002A18AC /* MiningNodeScraper.swift in Sources */,
				E2A4204A27B5B56000451200 /* FetchImagesScraper.swift in Sources */,
				E2A801D4277C1948002A18AC /* FishingNodeScraper.swift in Sources */,
				E2A1CEB42778DBFD0054D60D /* NodeLocationInfo.swift in Sources */,
				E2A1CEA6276F08E80054D60D /* MiningNodeFolkloreScraper.swift in Sources */,
				E22415B027BE182C008093C7 /* AddWeatherChain.swift in Sources */,
				E20FD2CE2761122A0044CA36 /* GatheringNode.swift in Sources */,
				E2A1CEAC276F0F5A0054D60D /* MiningNodesScraper.swift in Sources */,
				E2A1CEAA276F0DA90054D60D /* MiningNodesUnspoiledScraper.swift in Sources */,
				E2A1CEB22772C8DD0054D60D /* BotanyNodeScraper.swift in Sources */,
				E2C96E2627BD55C90071A71E /* RemoveDuplicates.swift in Sources */,
				E20FD2D4276115220044CA36 /* BotanyNodesScraper.swift in Sources */,
				E20FD2DA2761197D0044CA36 /* EphemeralNodesScraper.swift in Sources */,
				E2A1CEA8276F0C2D0054D60D /* FishingNodeFolkloreScraper.swift in Sources */,
				E208F0042799FFF600DE3AF1 /* FishingNodeLocationInfo.swift in Sources */,
				E20FD2C2276111340044CA36 /* main.swift in Sources */,
				E2A1CEB0277175840054D60D /* FishingCollectiblesScraper.swift in Sources */,
				E22C07442CD012D900CADBDC /* locations.swift in Sources */,
				E291976827BC2D2F0032F7C7 /* UpdateName.swift in Sources */,
				E20FD2D02761126B0044CA36 /* FishingNode.swift in Sources */,
				E2BFFA0427B7021A00F29691 /* UpdateExpac.swift in Sources */,
				E22415B227BE1843008093C7 /* FishingNodeWC.swift in Sources */,
				E20FD2D2276112B80044CA36 /* Region.swift in Sources */,
				E20FD2D6276118C40044CA36 /* BotanyNodesFolkloreScraper.swift in Sources */,
				E2A1CEAE277041180054D60D /* FishingNodesScraper.swift in Sources */,
				E20FD2CC276111C00044CA36 /* Node.swift in Sources */,
				E20FD2D8276119220044CA36 /* BotanyNodesUnspoiledScraper.swift in Sources */,
			);
			runOnlyForDeploymentPostprocessing = 0;
		};
/* End PBXSourcesBuildPhase section */

/* Begin XCBuildConfiguration section */
		E20FD2C3276111340044CA36 /* Debug */ = {
			isa = XCBuildConfiguration;
			buildSettings = {
				ALWAYS_SEARCH_USER_PATHS = NO;
				CLANG_ANALYZER_NONNULL = YES;
				CLANG_ANALYZER_NUMBER_OBJECT_CONVERSION = YES_AGGRESSIVE;
				CLANG_CXX_LANGUAGE_STANDARD = "gnu++17";
				CLANG_CXX_LIBRARY = "libc++";
				CLANG_ENABLE_MODULES = YES;
				CLANG_ENABLE_OBJC_ARC = YES;
				CLANG_ENABLE_OBJC_WEAK = YES;
				CLANG_WARN_BLOCK_CAPTURE_AUTORELEASING = YES;
				CLANG_WARN_BOOL_CONVERSION = YES;
				CLANG_WARN_COMMA = YES;
				CLANG_WARN_CONSTANT_CONVERSION = YES;
				CLANG_WARN_DEPRECATED_OBJC_IMPLEMENTATIONS = YES;
				CLANG_WARN_DIRECT_OBJC_ISA_USAGE = YES_ERROR;
				CLANG_WARN_DOCUMENTATION_COMMENTS = YES;
				CLANG_WARN_EMPTY_BODY = YES;
				CLANG_WARN_ENUM_CONVERSION = YES;
				CLANG_WARN_INFINITE_RECURSION = YES;
				CLANG_WARN_INT_CONVERSION = YES;
				CLANG_WARN_NON_LITERAL_NULL_CONVERSION = YES;
				CLANG_WARN_OBJC_IMPLICIT_RETAIN_SELF = YES;
				CLANG_WARN_OBJC_LITERAL_CONVERSION = YES;
				CLANG_WARN_OBJC_ROOT_CLASS = YES_ERROR;
				CLANG_WARN_QUOTED_INCLUDE_IN_FRAMEWORK_HEADER = YES;
				CLANG_WARN_RANGE_LOOP_ANALYSIS = YES;
				CLANG_WARN_STRICT_PROTOTYPES = YES;
				CLANG_WARN_SUSPICIOUS_MOVE = YES;
				CLANG_WARN_UNGUARDED_AVAILABILITY = YES_AGGRESSIVE;
				CLANG_WARN_UNREACHABLE_CODE = YES;
				CLANG_WARN__DUPLICATE_METHOD_MATCH = YES;
				COPY_PHASE_STRIP = NO;
				DEBUG_INFORMATION_FORMAT = dwarf;
				ENABLE_STRICT_OBJC_MSGSEND = YES;
				ENABLE_TESTABILITY = YES;
				GCC_C_LANGUAGE_STANDARD = gnu11;
				GCC_DYNAMIC_NO_PIC = NO;
				GCC_NO_COMMON_BLOCKS = YES;
				GCC_OPTIMIZATION_LEVEL = 0;
				GCC_PREPROCESSOR_DEFINITIONS = (
					"DEBUG=1",
					"$(inherited)",
				);
				GCC_WARN_64_TO_32_BIT_CONVERSION = YES;
				GCC_WARN_ABOUT_RETURN_TYPE = YES_ERROR;
				GCC_WARN_UNDECLARED_SELECTOR = YES;
				GCC_WARN_UNINITIALIZED_AUTOS = YES_AGGRESSIVE;
				GCC_WARN_UNUSED_FUNCTION = YES;
				GCC_WARN_UNUSED_VARIABLE = YES;
				MACOSX_DEPLOYMENT_TARGET = 12.0;
				MTL_ENABLE_DEBUG_INFO = INCLUDE_SOURCE;
				MTL_FAST_MATH = YES;
				ONLY_ACTIVE_ARCH = YES;
				SDKROOT = macosx;
				SWIFT_ACTIVE_COMPILATION_CONDITIONS = DEBUG;
				SWIFT_OPTIMIZATION_LEVEL = "-Onone";
			};
			name = Debug;
		};
		E20FD2C4276111340044CA36 /* Release */ = {
			isa = XCBuildConfiguration;
			buildSettings = {
				ALWAYS_SEARCH_USER_PATHS = NO;
				CLANG_ANALYZER_NONNULL = YES;
				CLANG_ANALYZER_NUMBER_OBJECT_CONVERSION = YES_AGGRESSIVE;
				CLANG_CXX_LANGUAGE_STANDARD = "gnu++17";
				CLANG_CXX_LIBRARY = "libc++";
				CLANG_ENABLE_MODULES = YES;
				CLANG_ENABLE_OBJC_ARC = YES;
				CLANG_ENABLE_OBJC_WEAK = YES;
				CLANG_WARN_BLOCK_CAPTURE_AUTORELEASING = YES;
				CLANG_WARN_BOOL_CONVERSION = YES;
				CLANG_WARN_COMMA = YES;
				CLANG_WARN_CONSTANT_CONVERSION = YES;
				CLANG_WARN_DEPRECATED_OBJC_IMPLEMENTATIONS = YES;
				CLANG_WARN_DIRECT_OBJC_ISA_USAGE = YES_ERROR;
				CLANG_WARN_DOCUMENTATION_COMMENTS = YES;
				CLANG_WARN_EMPTY_BODY = YES;
				CLANG_WARN_ENUM_CONVERSION = YES;
				CLANG_WARN_INFINITE_RECURSION = YES;
				CLANG_WARN_INT_CONVERSION = YES;
				CLANG_WARN_NON_LITERAL_NULL_CONVERSION = YES;
				CLANG_WARN_OBJC_IMPLICIT_RETAIN_SELF = YES;
				CLANG_WARN_OBJC_LITERAL_CONVERSION = YES;
				CLANG_WARN_OBJC_ROOT_CLASS = YES_ERROR;
				CLANG_WARN_QUOTED_INCLUDE_IN_FRAMEWORK_HEADER = YES;
				CLANG_WARN_RANGE_LOOP_ANALYSIS = YES;
				CLANG_WARN_STRICT_PROTOTYPES = YES;
				CLANG_WARN_SUSPICIOUS_MOVE = YES;
				CLANG_WARN_UNGUARDED_AVAILABILITY = YES_AGGRESSIVE;
				CLANG_WARN_UNREACHABLE_CODE = YES;
				CLANG_WARN__DUPLICATE_METHOD_MATCH = YES;
				COPY_PHASE_STRIP = NO;
				DEBUG_INFORMATION_FORMAT = "dwarf-with-dsym";
				ENABLE_NS_ASSERTIONS = NO;
				ENABLE_STRICT_OBJC_MSGSEND = YES;
				GCC_C_LANGUAGE_STANDARD = gnu11;
				GCC_NO_COMMON_BLOCKS = YES;
				GCC_WARN_64_TO_32_BIT_CONVERSION = YES;
				GCC_WARN_ABOUT_RETURN_TYPE = YES_ERROR;
				GCC_WARN_UNDECLARED_SELECTOR = YES;
				GCC_WARN_UNINITIALIZED_AUTOS = YES_AGGRESSIVE;
				GCC_WARN_UNUSED_FUNCTION = YES;
				GCC_WARN_UNUSED_VARIABLE = YES;
				MACOSX_DEPLOYMENT_TARGET = 12.0;
				MTL_ENABLE_DEBUG_INFO = NO;
				MTL_FAST_MATH = YES;
				SDKROOT = macosx;
				SWIFT_COMPILATION_MODE = wholemodule;
				SWIFT_OPTIMIZATION_LEVEL = "-O";
			};
			name = Release;
		};
		E20FD2C6276111340044CA36 /* Debug */ = {
			isa = XCBuildConfiguration;
			buildSettings = {
				CODE_SIGN_STYLE = Automatic;
				DEVELOPMENT_TEAM = 8825K9HH49;
				ENABLE_HARDENED_RUNTIME = YES;
				PRODUCT_NAME = "$(TARGET_NAME)";
				SWIFT_VERSION = 5.0;
			};
			name = Debug;
		};
		E20FD2C7276111340044CA36 /* Release */ = {
			isa = XCBuildConfiguration;
			buildSettings = {
				CODE_SIGN_STYLE = Automatic;
				DEVELOPMENT_TEAM = 8825K9HH49;
				ENABLE_HARDENED_RUNTIME = YES;
				PRODUCT_NAME = "$(TARGET_NAME)";
				SWIFT_VERSION = 5.0;
			};
			name = Release;
		};
/* End XCBuildConfiguration section */

/* Begin XCConfigurationList section */
		E20FD2B9276111340044CA36 /* Build configuration list for PBXProject "FF14 Scraper" */ = {
			isa = XCConfigurationList;
			buildConfigurations = (
				E20FD2C3276111340044CA36 /* Debug */,
				E20FD2C4276111340044CA36 /* Release */,
			);
			defaultConfigurationIsVisible = 0;
			defaultConfigurationName = Release;
		};
		E20FD2C5276111340044CA36 /* Build configuration list for PBXNativeTarget "FF14 Scraper" */ = {
			isa = XCConfigurationList;
			buildConfigurations = (
				E20FD2C6276111340044CA36 /* Debug */,
				E20FD2C7276111340044CA36 /* Release */,
			);
			defaultConfigurationIsVisible = 0;
			defaultConfigurationName = Release;
		};
/* End XCConfigurationList section */

/* Begin XCRemoteSwiftPackageReference section */
		E20FD2C82761118D0044CA36 /* XCRemoteSwiftPackageReference "SwiftSoup" */ = {
			isa = XCRemoteSwiftPackageReference;
			repositoryURL = "https://github.com/scinfu/SwiftSoup";
			requirement = {
				branch = master;
				kind = branch;
			};
		};
/* End XCRemoteSwiftPackageReference section */

/* Begin XCSwiftPackageProductDependency section */
		E20FD2C92761118D0044CA36 /* SwiftSoup */ = {
			isa = XCSwiftPackageProductDependency;
			package = E20FD2C82761118D0044CA36 /* XCRemoteSwiftPackageReference "SwiftSoup" */;
			productName = SwiftSoup;
		};
/* End XCSwiftPackageProductDependency section */
	};
	rootObject = E20FD2B6276111340044CA36 /* Project object */;
}
